
Microsoft Visual Studio Solution File, Format Version 12.00
# Visual Studio Version 17
VisualStudioVersion = 17.8.34316.72
MinimumVisualStudioVersion = 10.0.40219.1
Project("{9A19103F-16F7-4668-BE54-9A1E7A4F7556}") = "Avent of code 2", "Avent of code 2\Avent of code 2.csproj", "{16970E58-3B71-4ED3-93F8-6DB0CE6D37AE}"
EndProject
Project("{FAE04EC0-301F-11D3-BF4B-00C04F79EFBC}") = "UnitTest1", "UnitTest1\UnitTest1.csproj", "{7FDC7EA6-2E79-4CA0-97D4-08E962C26A78}"
EndProject
Global
	GlobalSection(SolutionConfigurationPlatforms) = preSolution
		Debug|Any CPU = Debug|Any CPU
		Release|Any CPU = Release|Any CPU
	EndGlobalSection
	GlobalSection(ProjectConfigurationPlatforms) = postSolution
		{16970E58-3B71-4ED3-93F8-6DB0CE6D37AE}.Debug|Any CPU.ActiveCfg = Debug|Any CPU
		{16970E58-3B71-4ED3-93F8-6DB0CE6D37AE}.Debug|Any CPU.Build.0 = Debug|Any CPU
		{16970E58-3B71-4ED3-93F8-6DB0CE6D37AE}.Release|Any CPU.ActiveCfg = Release|Any CPU
		{16970E58-3B71-4ED3-93F8-6DB0CE6D37AE}.Release|Any CPU.Build.0 = Release|Any CPU
		{7FDC7EA6-2E79-4CA0-97D4-08E962C26A78}.Debug|Any CPU.ActiveCfg = Debug|Any CPU
		{7FDC7EA6-2E79-4CA0-97D4-08E962C26A78}.Debug|Any CPU.Build.0 = Debug|Any CPU
		{7FDC7EA6-2E79-4CA0-97D4-08E962C26A78}.Release|Any CPU.ActiveCfg = Release|Any CPU
		{7FDC7EA6-2E79-4CA0-97D4-08E962C26A78}.Release|Any CPU.Build.0 = Release|Any CPU
	EndGlobalSection
	GlobalSection(SolutionProperties) = preSolution
		HideSolutionNode = FALSE
	EndGlobalSection
	GlobalSection(ExtensibilityGlobals) = postSolution
		SolutionGuid = {4334106E-83BC-4EF2-9B12-277E24FC79CE}
	EndGlobalSection
EndGlobal
